
Microsoft Visual Studio Solution File, Format Version 12.00
# Visual Studio Version 16
VisualStudioVersion = 16.0.29920.165
MinimumVisualStudioVersion = 10.0.40219.1
Project("{FAE04EC0-301F-11D3-BF4B-00C04F79EFBC}") = "Touitteur.UWP", "Touitteur\Touitteur.UWP\Touitteur.UWP.csproj", "{CA762B32-6B9A-4B16-8651-6615217410DB}"
EndProject
Project("{FAE04EC0-301F-11D3-BF4B-00C04F79EFBC}") = "Touitteur.Android", "Touitteur\Touitteur.Android\Touitteur.Android.csproj", "{CBD6C11E-A30F-49F1-895D-4A6FAE86CACC}"
EndProject
Project("{FAE04EC0-301F-11D3-BF4B-00C04F79EFBC}") = "Touitteur.iOS", "Touitteur\Touitteur.iOS\Touitteur.iOS.csproj", "{560462C2-D452-408E-8C62-CA5DD41FBF18}"
EndProject
Project("{FAE04EC0-301F-11D3-BF4B-00C04F79EFBC}") = "Touitteur", "Touitteur\Touitteur\Touitteur.csproj", "{BFD09952-16C0-42AD-A86A-C4002498ACF9}"
EndProject
Global
	GlobalSection(SolutionConfigurationPlatforms) = preSolution
		Debug|Any CPU = Debug|Any CPU
		Debug|ARM = Debug|ARM
		Debug|iPhone = Debug|iPhone
		Debug|iPhoneSimulator = Debug|iPhoneSimulator
		Debug|x64 = Debug|x64
		Debug|x86 = Debug|x86
		Release|Any CPU = Release|Any CPU
		Release|ARM = Release|ARM
		Release|iPhone = Release|iPhone
		Release|iPhoneSimulator = Release|iPhoneSimulator
		Release|x64 = Release|x64
		Release|x86 = Release|x86
	EndGlobalSection
	GlobalSection(ProjectConfigurationPlatforms) = postSolution
		{CA762B32-6B9A-4B16-8651-6615217410DB}.Debug|Any CPU.ActiveCfg = Debug|x86
		{CA762B32-6B9A-4B16-8651-6615217410DB}.Debug|Any CPU.Build.0 = Debug|x86
		{CA762B32-6B9A-4B16-8651-6615217410DB}.Debug|Any CPU.Deploy.0 = Debug|x86
		{CA762B32-6B9A-4B16-8651-6615217410DB}.Debug|ARM.ActiveCfg = Debug|ARM
		{CA762B32-6B9A-4B16-8651-6615217410DB}.Debug|ARM.Build.0 = Debug|ARM
		{CA762B32-6B9A-4B16-8651-6615217410DB}.Debug|ARM.Deploy.0 = Debug|ARM
		{CA762B32-6B9A-4B16-8651-6615217410DB}.Debug|iPhone.ActiveCfg = Debug|x86
		{CA762B32-6B9A-4B16-8651-6615217410DB}.Debug|iPhone.Build.0 = Debug|x86
		{CA762B32-6B9A-4B16-8651-6615217410DB}.Debug|iPhone.Deploy.0 = Debug|x86
		{CA762B32-6B9A-4B16-8651-6615217410DB}.Debug|iPhoneSimulator.ActiveCfg = Debug|x86
		{CA762B32-6B9A-4B16-8651-6615217410DB}.Debug|iPhoneSimulator.Build.0 = Debug|x86
		{CA762B32-6B9A-4B16-8651-6615217410DB}.Debug|iPhoneSimulator.Deploy.0 = Debug|x86
		{CA762B32-6B9A-4B16-8651-6615217410DB}.Debug|x64.ActiveCfg = Debug|x64
		{CA762B32-6B9A-4B16-8651-6615217410DB}.Debug|x64.Build.0 = Debug|x64
		{CA762B32-6B9A-4B16-8651-6615217410DB}.Debug|x64.Deploy.0 = Debug|x64
		{CA762B32-6B9A-4B16-8651-6615217410DB}.Debug|x86.ActiveCfg = Debug|x86
		{CA762B32-6B9A-4B16-8651-6615217410DB}.Debug|x86.Build.0 = Debug|x86
		{CA762B32-6B9A-4B16-8651-6615217410DB}.Debug|x86.Deploy.0 = Debug|x86
		{CA762B32-6B9A-4B16-8651-6615217410DB}.Release|Any CPU.ActiveCfg = Release|x86
		{CA762B32-6B9A-4B16-8651-6615217410DB}.Release|Any CPU.Build.0 = Release|x86
		{CA762B32-6B9A-4B16-8651-6615217410DB}.Release|Any CPU.Deploy.0 = Release|x86
		{CA762B32-6B9A-4B16-8651-6615217410DB}.Release|ARM.ActiveCfg = Release|ARM
		{CA762B32-6B9A-4B16-8651-6615217410DB}.Release|ARM.Build.0 = Release|ARM
		{CA762B32-6B9A-4B16-8651-6615217410DB}.Release|ARM.Deploy.0 = Release|ARM
		{CA762B32-6B9A-4B16-8651-6615217410DB}.Release|iPhone.ActiveCfg = Release|x86
		{CA762B32-6B9A-4B16-8651-6615217410DB}.Release|iPhone.Build.0 = Release|x86
		{CA762B32-6B9A-4B16-8651-6615217410DB}.Release|iPhone.Deploy.0 = Release|x86
		{CA762B32-6B9A-4B16-8651-6615217410DB}.Release|iPhoneSimulator.ActiveCfg = Release|x86
		{CA762B32-6B9A-4B16-8651-6615217410DB}.Release|iPhoneSimulator.Build.0 = Release|x86
		{CA762B32-6B9A-4B16-8651-6615217410DB}.Release|iPhoneSimulator.Deploy.0 = Release|x86
		{CA762B32-6B9A-4B16-8651-6615217410DB}.Release|x64.ActiveCfg = Release|x64
		{CA762B32-6B9A-4B16-8651-6615217410DB}.Release|x64.Build.0 = Release|x64
		{CA762B32-6B9A-4B16-8651-6615217410DB}.Release|x64.Deploy.0 = Release|x64
		{CA762B32-6B9A-4B16-8651-6615217410DB}.Release|x86.ActiveCfg = Release|x86
		{CA762B32-6B9A-4B16-8651-6615217410DB}.Release|x86.Build.0 = Release|x86
		{CA762B32-6B9A-4B16-8651-6615217410DB}.Release|x86.Deploy.0 = Release|x86
		{CBD6C11E-A30F-49F1-895D-4A6FAE86CACC}.Debug|Any CPU.ActiveCfg = Debug|Any CPU
		{CBD6C11E-A30F-49F1-895D-4A6FAE86CACC}.Debug|Any CPU.Build.0 = Debug|Any CPU
		{CBD6C11E-A30F-49F1-895D-4A6FAE86CACC}.Debug|Any CPU.Deploy.0 = Debug|Any CPU
		{CBD6C11E-A30F-49F1-895D-4A6FAE86CACC}.Debug|ARM.ActiveCfg = Debug|Any CPU
		{CBD6C11E-A30F-49F1-895D-4A6FAE86CACC}.Debug|ARM.Build.0 = Debug|Any CPU
		{CBD6C11E-A30F-49F1-895D-4A6FAE86CACC}.Debug|ARM.Deploy.0 = Debug|Any CPU
		{CBD6C11E-A30F-49F1-895D-4A6FAE86CACC}.Debug|iPhone.ActiveCfg = Debug|Any CPU
		{CBD6C11E-A30F-49F1-895D-4A6FAE86CACC}.Debug|iPhone.Build.0 = Debug|Any CPU
		{CBD6C11E-A30F-49F1-895D-4A6FAE86CACC}.Debug|iPhone.Deploy.0 = Debug|Any CPU
		{CBD6C11E-A30F-49F1-895D-4A6FAE86CACC}.Debug|iPhoneSimulator.ActiveCfg = Debug|Any CPU
		{CBD6C11E-A30F-49F1-895D-4A6FAE86CACC}.Debug|iPhoneSimulator.Build.0 = Debug|Any CPU
		{CBD6C11E-A30F-49F1-895D-4A6FAE86CACC}.Debug|iPhoneSimulator.Deploy.0 = Debug|Any CPU
		{CBD6C11E-A30F-49F1-895D-4A6FAE86CACC}.Debug|x64.ActiveCfg = Debug|Any CPU
		{CBD6C11E-A30F-49F1-895D-4A6FAE86CACC}.Debug|x64.Build.0 = Debug|Any CPU
		{CBD6C11E-A30F-49F1-895D-4A6FAE86CACC}.Debug|x64.Deploy.0 = Debug|Any CPU
		{CBD6C11E-A30F-49F1-895D-4A6FAE86CACC}.Debug|x86.ActiveCfg = Debug|Any CPU
		{CBD6C11E-A30F-49F1-895D-4A6FAE86CACC}.Debug|x86.Build.0 = Debug|Any CPU
		{CBD6C11E-A30F-49F1-895D-4A6FAE86CACC}.Debug|x86.Deploy.0 = Debug|Any CPU
		{CBD6C11E-A30F-49F1-895D-4A6FAE86CACC}.Release|Any CPU.ActiveCfg = Release|Any CPU
		{CBD6C11E-A30F-49F1-895D-4A6FAE86CACC}.Release|Any CPU.Build.0 = Release|Any CPU
		{CBD6C11E-A30F-49F1-895D-4A6FAE86CACC}.Release|Any CPU.Deploy.0 = Release|Any CPU
		{CBD6C11E-A30F-49F1-895D-4A6FAE86CACC}.Release|ARM.ActiveCfg = Release|Any CPU
		{CBD6C11E-A30F-49F1-895D-4A6FAE86CACC}.Release|ARM.Build.0 = Release|Any CPU
		{CBD6C11E-A30F-49F1-895D-4A6FAE86CACC}.Release|ARM.Deploy.0 = Release|Any CPU
		{CBD6C11E-A30F-49F1-895D-4A6FAE86CACC}.Release|iPhone.ActiveCfg = Release|Any CPU
		{CBD6C11E-A30F-49F1-895D-4A6FAE86CACC}.Release|iPhone.Build.0 = Release|Any CPU
		{CBD6C11E-A30F-49F1-895D-4A6FAE86CACC}.Release|iPhone.Deploy.0 = Release|Any CPU
		{CBD6C11E-A30F-49F1-895D-4A6FAE86CACC}.Release|iPhoneSimulator.ActiveCfg = Release|Any CPU
		{CBD6C11E-A30F-49F1-895D-4A6FAE86CACC}.Release|iPhoneSimulator.Build.0 = Release|Any CPU
		{CBD6C11E-A30F-49F1-895D-4A6FAE86CACC}.Release|iPhoneSimulator.Deploy.0 = Release|Any CPU
		{CBD6C11E-A30F-49F1-895D-4A6FAE86CACC}.Release|x64.ActiveCfg = Release|Any CPU
		{CBD6C11E-A30F-49F1-895D-4A6FAE86CACC}.Release|x64.Build.0 = Release|Any CPU
		{CBD6C11E-A30F-49F1-895D-4A6FAE86CACC}.Release|x64.Deploy.0 = Release|Any CPU
		{CBD6C11E-A30F-49F1-895D-4A6FAE86CACC}.Release|x86.ActiveCfg = Release|Any CPU
		{CBD6C11E-A30F-49F1-895D-4A6FAE86CACC}.Release|x86.Build.0 = Release|Any CPU
		{CBD6C11E-A30F-49F1-895D-4A6FAE86CACC}.Release|x86.Deploy.0 = Release|Any CPU
		{560462C2-D452-408E-8C62-CA5DD41FBF18}.Debug|Any CPU.ActiveCfg = Debug|iPhone
		{560462C2-D452-408E-8C62-CA5DD41FBF18}.Debug|Any CPU.Build.0 = Debug|iPhone
		{560462C2-D452-408E-8C62-CA5DD41FBF18}.Debug|Any CPU.Deploy.0 = Debug|iPhone
		{560462C2-D452-408E-8C62-CA5DD41FBF18}.Debug|ARM.ActiveCfg = Debug|iPhone
		{560462C2-D452-408E-8C62-CA5DD41FBF18}.Debug|ARM.Build.0 = Debug|iPhone
		{560462C2-D452-408E-8C62-CA5DD41FBF18}.Debug|ARM.Deploy.0 = Debug|iPhone
		{560462C2-D452-408E-8C62-CA5DD41FBF18}.Debug|iPhone.ActiveCfg = Debug|iPhone
		{560462C2-D452-408E-8C62-CA5DD41FBF18}.Debug|iPhone.Build.0 = Debug|iPhone
		{560462C2-D452-408E-8C62-CA5DD41FBF18}.Debug|iPhone.Deploy.0 = Debug|iPhone
		{560462C2-D452-408E-8C62-CA5DD41FBF18}.Debug|iPhoneSimulator.ActiveCfg = Debug|iPhoneSimulator
		{560462C2-D452-408E-8C62-CA5DD41FBF18}.Debug|iPhoneSimulator.Build.0 = Debug|iPhoneSimulator
		{560462C2-D452-408E-8C62-CA5DD41FBF18}.Debug|iPhoneSimulator.Deploy.0 = Debug|iPhoneSimulator
		{560462C2-D452-408E-8C62-CA5DD41FBF18}.Debug|x64.ActiveCfg = Debug|iPhone
		{560462C2-D452-408E-8C62-CA5DD41FBF18}.Debug|x64.Build.0 = Debug|iPhone
		{560462C2-D452-408E-8C62-CA5DD41FBF18}.Debug|x64.Deploy.0 = Debug|iPhone
		{560462C2-D452-408E-8C62-CA5DD41FBF18}.Debug|x86.ActiveCfg = Debug|iPhone
		{560462C2-D452-408E-8C62-CA5DD41FBF18}.Debug|x86.Build.0 = Debug|iPhone
		{560462C2-D452-408E-8C62-CA5DD41FBF18}.Debug|x86.Deploy.0 = Debug|iPhone
		{560462C2-D452-408E-8C62-CA5DD41FBF18}.Release|Any CPU.ActiveCfg = Release|iPhone
		{560462C2-D452-408E-8C62-CA5DD41FBF18}.Release|Any CPU.Build.0 = Release|iPhone
		{560462C2-D452-408E-8C62-CA5DD41FBF18}.Release|Any CPU.Deploy.0 = Release|iPhone
		{560462C2-D452-408E-8C62-CA5DD41FBF18}.Release|ARM.ActiveCfg = Release|iPhone
		{560462C2-D452-408E-8C62-CA5DD41FBF18}.Release|ARM.Build.0 = Release|iPhone
		{560462C2-D452-408E-8C62-CA5DD41FBF18}.Release|ARM.Deploy.0 = Release|iPhone
		{560462C2-D452-408E-8C62-CA5DD41FBF18}.Release|iPhone.ActiveCfg = Release|iPhone
		{560462C2-D452-408E-8C62-CA5DD41FBF18}.Release|iPhone.Build.0 = Release|iPhone
		{560462C2-D452-408E-8C62-CA5DD41FBF18}.Release|iPhone.Deploy.0 = Release|iPhone
		{560462C2-D452-408E-8C62-CA5DD41FBF18}.Release|iPhoneSimulator.ActiveCfg = Release|iPhoneSimulator
		{560462C2-D452-408E-8C62-CA5DD41FBF18}.Release|iPhoneSimulator.Build.0 = Release|iPhoneSimulator
		{560462C2-D452-408E-8C62-CA5DD41FBF18}.Release|iPhoneSimulator.Deploy.0 = Release|iPhoneSimulator
		{560462C2-D452-408E-8C62-CA5DD41FBF18}.Release|x64.ActiveCfg = Release|iPhone
		{560462C2-D452-408E-8C62-CA5DD41FBF18}.Release|x64.Build.0 = Release|iPhone
		{560462C2-D452-408E-8C62-CA5DD41FBF18}.Release|x64.Deploy.0 = Release|iPhone
		{560462C2-D452-408E-8C62-CA5DD41FBF18}.Release|x86.ActiveCfg = Release|iPhone
		{560462C2-D452-408E-8C62-CA5DD41FBF18}.Release|x86.Build.0 = Release|iPhone
		{560462C2-D452-408E-8C62-CA5DD41FBF18}.Release|x86.Deploy.0 = Release|iPhone
		{BFD09952-16C0-42AD-A86A-C4002498ACF9}.Debug|Any CPU.ActiveCfg = Debug|Any CPU
		{BFD09952-16C0-42AD-A86A-C4002498ACF9}.Debug|Any CPU.Build.0 = Debug|Any CPU
		{BFD09952-16C0-42AD-A86A-C4002498ACF9}.Debug|Any CPU.Deploy.0 = Debug|Any CPU
		{BFD09952-16C0-42AD-A86A-C4002498ACF9}.Debug|ARM.ActiveCfg = Debug|Any CPU
		{BFD09952-16C0-42AD-A86A-C4002498ACF9}.Debug|ARM.Build.0 = Debug|Any CPU
		{BFD09952-16C0-42AD-A86A-C4002498ACF9}.Debug|ARM.Deploy.0 = Debug|Any CPU
		{BFD09952-16C0-42AD-A86A-C4002498ACF9}.Debug|iPhone.ActiveCfg = Debug|Any CPU
		{BFD09952-16C0-42AD-A86A-C4002498ACF9}.Debug|iPhone.Build.0 = Debug|Any CPU
		{BFD09952-16C0-42AD-A86A-C4002498ACF9}.Debug|iPhone.Deploy.0 = Debug|Any CPU
		{BFD09952-16C0-42AD-A86A-C4002498ACF9}.Debug|iPhoneSimulator.ActiveCfg = Debug|Any CPU
		{BFD09952-16C0-42AD-A86A-C4002498ACF9}.Debug|iPhoneSimulator.Build.0 = Debug|Any CPU
		{BFD09952-16C0-42AD-A86A-C4002498ACF9}.Debug|iPhoneSimulator.Deploy.0 = Debug|Any CPU
		{BFD09952-16C0-42AD-A86A-C4002498ACF9}.Debug|x64.ActiveCfg = Debug|Any CPU
		{BFD09952-16C0-42AD-A86A-C4002498ACF9}.Debug|x64.Build.0 = Debug|Any CPU
		{BFD09952-16C0-42AD-A86A-C4002498ACF9}.Debug|x64.Deploy.0 = Debug|Any CPU
		{BFD09952-16C0-42AD-A86A-C4002498ACF9}.Debug|x86.ActiveCfg = Debug|Any CPU
		{BFD09952-16C0-42AD-A86A-C4002498ACF9}.Debug|x86.Build.0 = Debug|Any CPU
		{BFD09952-16C0-42AD-A86A-C4002498ACF9}.Debug|x86.Deploy.0 = Debug|Any CPU
		{BFD09952-16C0-42AD-A86A-C4002498ACF9}.Release|Any CPU.ActiveCfg = Release|Any CPU
		{BFD09952-16C0-42AD-A86A-C4002498ACF9}.Release|Any CPU.Build.0 = Release|Any CPU
		{BFD09952-16C0-42AD-A86A-C4002498ACF9}.Release|Any CPU.Deploy.0 = Release|Any CPU
		{BFD09952-16C0-42AD-A86A-C4002498ACF9}.Release|ARM.ActiveCfg = Release|Any CPU
		{BFD09952-16C0-42AD-A86A-C4002498ACF9}.Release|ARM.Build.0 = Release|Any CPU
		{BFD09952-16C0-42AD-A86A-C4002498ACF9}.Release|ARM.Deploy.0 = Release|Any CPU
		{BFD09952-16C0-42AD-A86A-C4002498ACF9}.Release|iPhone.ActiveCfg = Release|Any CPU
		{BFD09952-16C0-42AD-A86A-C4002498ACF9}.Release|iPhone.Build.0 = Release|Any CPU
		{BFD09952-16C0-42AD-A86A-C4002498ACF9}.Release|iPhone.Deploy.0 = Release|Any CPU
		{BFD09952-16C0-42AD-A86A-C4002498ACF9}.Release|iPhoneSimulator.ActiveCfg = Release|Any CPU
		{BFD09952-16C0-42AD-A86A-C4002498ACF9}.Release|iPhoneSimulator.Build.0 = Release|Any CPU
		{BFD09952-16C0-42AD-A86A-C4002498ACF9}.Release|iPhoneSimulator.Deploy.0 = Release|Any CPU
		{BFD09952-16C0-42AD-A86A-C4002498ACF9}.Release|x64.ActiveCfg = Release|Any CPU
		{BFD09952-16C0-42AD-A86A-C4002498ACF9}.Release|x64.Build.0 = Release|Any CPU
		{BFD09952-16C0-42AD-A86A-C4002498ACF9}.Release|x64.Deploy.0 = Release|Any CPU
		{BFD09952-16C0-42AD-A86A-C4002498ACF9}.Release|x86.ActiveCfg = Release|Any CPU
		{BFD09952-16C0-42AD-A86A-C4002498ACF9}.Release|x86.Build.0 = Release|Any CPU
		{BFD09952-16C0-42AD-A86A-C4002498ACF9}.Release|x86.Deploy.0 = Release|Any CPU
	EndGlobalSection
	GlobalSection(SolutionProperties) = preSolution
		HideSolutionNode = FALSE
	EndGlobalSection
	GlobalSection(ExtensibilityGlobals) = postSolution
		SolutionGuid = {A65F2615-246A-451C-92F2-E58E492317CD}
	EndGlobalSection
EndGlobal
